// !$*UTF8*$!
{
	archiveVersion = 1;
	classes = {
	};
	objectVersion = 56;
	objects = {

/* Begin PBXBuildFile section */
		240509E32C2918000054E78A /* LandmarksApp.swift in Sources */ = {isa = PBXBuildFile; fileRef = 240509E22C2918000054E78A /* LandmarksApp.swift */; };
		240509E52C2918000054E78A /* ContentView.swift in Sources */ = {isa = PBXBuildFile; fileRef = 240509E42C2918000054E78A /* ContentView.swift */; };
		240509E72C2918010054E78A /* Assets.xcassets in Resources */ = {isa = PBXBuildFile; fileRef = 240509E62C2918010054E78A /* Assets.xcassets */; };
		240509EA2C2918010054E78A /* Preview Assets.xcassets in Resources */ = {isa = PBXBuildFile; fileRef = 240509E92C2918010054E78A /* Preview Assets.xcassets */; };
		240509F72C2947E10054E78A /* landmarkData.json in Resources */ = {isa = PBXBuildFile; fileRef = 240509F62C2947E10054E78A /* landmarkData.json */; };
		240509F92C2947F50054E78A /* Landmark.swift in Sources */ = {isa = PBXBuildFile; fileRef = 240509F82C2947F50054E78A /* Landmark.swift */; };
		240509FB2C2949600054E78A /* ModelData.swift in Sources */ = {isa = PBXBuildFile; fileRef = 240509FA2C2949600054E78A /* ModelData.swift */; };
		24050A0C2C294C290054E78A /* LandmarkRow.swift in Sources */ = {isa = PBXBuildFile; fileRef = 24050A0B2C294C290054E78A /* LandmarkRow.swift */; };
		24050A0E2C29504D0054E78A /* LandmarkList.swift in Sources */ = {isa = PBXBuildFile; fileRef = 24050A0D2C29504D0054E78A /* LandmarkList.swift */; };
		24050A102C2A9B4B0054E78A /* LandmarkDetail.swift in Sources */ = {isa = PBXBuildFile; fileRef = 24050A0F2C2A9B4B0054E78A /* LandmarkDetail.swift */; };
		2430A7482C3120D400308EDF /* CircleImage.swift in Sources */ = {isa = PBXBuildFile; fileRef = 2430A7472C3120D400308EDF /* CircleImage.swift */; };
		2430A74A2C3120EF00308EDF /* FavoriteButton.swift in Sources */ = {isa = PBXBuildFile; fileRef = 2430A7492C3120EF00308EDF /* FavoriteButton.swift */; };
		2430A74C2C31210700308EDF /* MapView.swift in Sources */ = {isa = PBXBuildFile; fileRef = 2430A74B2C31210700308EDF /* MapView.swift */; };
		24770F162C3263CA00459309 /* HexagonParameters.swift in Sources */ = {isa = PBXBuildFile; fileRef = 24770F152C3263CA00459309 /* HexagonParameters.swift */; };
		24770F182C3263DE00459309 /* BadgeBackground.swift in Sources */ = {isa = PBXBuildFile; fileRef = 24770F172C3263DE00459309 /* BadgeBackground.swift */; };
		24770F1A2C3265E400459309 /* BadgeSymbol.swift in Sources */ = {isa = PBXBuildFile; fileRef = 24770F192C3265E400459309 /* BadgeSymbol.swift */; };
		24770F1C2C32676200459309 /* RotatedBadgeSymbol.swift in Sources */ = {isa = PBXBuildFile; fileRef = 24770F1B2C32676200459309 /* RotatedBadgeSymbol.swift */; };
		24770F1E2C3267B300459309 /* Badge.swift in Sources */ = {isa = PBXBuildFile; fileRef = 24770F1D2C3267B300459309 /* Badge.swift */; };
/* End PBXBuildFile section */

/* Begin PBXFileReference section */
		240509DF2C2918000054E78A /* Landmarks.app */ = {isa = PBXFileReference; explicitFileType = wrapper.application; includeInIndex = 0; path = Landmarks.app; sourceTree = BUILT_PRODUCTS_DIR; };
		240509E22C2918000054E78A /* LandmarksApp.swift */ = {isa = PBXFileReference; lastKnownFileType = sourcecode.swift; path = LandmarksApp.swift; sourceTree = "<group>"; };
		240509E42C2918000054E78A /* ContentView.swift */ = {isa = PBXFileReference; lastKnownFileType = sourcecode.swift; path = ContentView.swift; sourceTree = "<group>"; };
		240509E62C2918010054E78A /* Assets.xcassets */ = {isa = PBXFileReference; lastKnownFileType = folder.assetcatalog; path = Assets.xcassets; sourceTree = "<group>"; };
		240509E92C2918010054E78A /* Preview Assets.xcassets */ = {isa = PBXFileReference; lastKnownFileType = folder.assetcatalog; path = "Preview Assets.xcassets"; sourceTree = "<group>"; };
		240509F62C2947E10054E78A /* landmarkData.json */ = {isa = PBXFileReference; fileEncoding = 4; lastKnownFileType = text.json; path = landmarkData.json; sourceTree = "<group>"; };
		240509F82C2947F50054E78A /* Landmark.swift */ = {isa = PBXFileReference; lastKnownFileType = sourcecode.swift; path = Landmark.swift; sourceTree = "<group>"; };
		240509FA2C2949600054E78A /* ModelData.swift */ = {isa = PBXFileReference; lastKnownFileType = sourcecode.swift; path = ModelData.swift; sourceTree = "<group>"; };
		24050A0B2C294C290054E78A /* LandmarkRow.swift */ = {isa = PBXFileReference; lastKnownFileType = sourcecode.swift; path = LandmarkRow.swift; sourceTree = "<group>"; };
		24050A0D2C29504D0054E78A /* LandmarkList.swift */ = {isa = PBXFileReference; lastKnownFileType = sourcecode.swift; path = LandmarkList.swift; sourceTree = "<group>"; };
		24050A0F2C2A9B4B0054E78A /* LandmarkDetail.swift */ = {isa = PBXFileReference; lastKnownFileType = sourcecode.swift; path = LandmarkDetail.swift; sourceTree = "<group>"; };
		2430A7472C3120D400308EDF /* CircleImage.swift */ = {isa = PBXFileReference; lastKnownFileType = sourcecode.swift; path = CircleImage.swift; sourceTree = "<group>"; };
		2430A7492C3120EF00308EDF /* FavoriteButton.swift */ = {isa = PBXFileReference; lastKnownFileType = sourcecode.swift; path = FavoriteButton.swift; sourceTree = "<group>"; };
		2430A74B2C31210700308EDF /* MapView.swift */ = {isa = PBXFileReference; lastKnownFileType = sourcecode.swift; path = MapView.swift; sourceTree = "<group>"; };
		24770F152C3263CA00459309 /* HexagonParameters.swift */ = {isa = PBXFileReference; lastKnownFileType = sourcecode.swift; path = HexagonParameters.swift; sourceTree = "<group>"; };
		24770F172C3263DE00459309 /* BadgeBackground.swift */ = {isa = PBXFileReference; lastKnownFileType = sourcecode.swift; path = BadgeBackground.swift; sourceTree = "<group>"; };
		24770F192C3265E400459309 /* BadgeSymbol.swift */ = {isa = PBXFileReference; lastKnownFileType = sourcecode.swift; path = BadgeSymbol.swift; sourceTree = "<group>"; };
		24770F1B2C32676200459309 /* RotatedBadgeSymbol.swift */ = {isa = PBXFileReference; lastKnownFileType = sourcecode.swift; path = RotatedBadgeSymbol.swift; sourceTree = "<group>"; };
		24770F1D2C3267B300459309 /* Badge.swift */ = {isa = PBXFileReference; lastKnownFileType = sourcecode.swift; path = Badge.swift; sourceTree = "<group>"; };
/* End PBXFileReference section */

/* Begin PBXFrameworksBuildPhase section */
		240509DC2C2918000054E78A /* Frameworks */ = {
			isa = PBXFrameworksBuildPhase;
			buildActionMask = 2147483647;
			files = (
			);
			runOnlyForDeploymentPostprocessing = 0;
		};
/* End PBXFrameworksBuildPhase section */

/* Begin PBXGroup section */
		240509D62C2918000054E78A = {
			isa = PBXGroup;
			children = (
				240509E12C2918000054E78A /* Landmarks */,
				240509E02C2918000054E78A /* Products */,
			);
			sourceTree = "<group>";
		};
		240509E02C2918000054E78A /* Products */ = {
			isa = PBXGroup;
			children = (
				240509DF2C2918000054E78A /* Landmarks.app */,
			);
			name = Products;
			sourceTree = "<group>";
		};
		240509E12C2918000054E78A /* Landmarks */ = {
			isa = PBXGroup;
			children = (
				240509E22C2918000054E78A /* LandmarksApp.swift */,
				24050A012C294B530054E78A /* View */,
				24050A0A2C294BFA0054E78A /* Model */,
				24050A092C294BF10054E78A /* Resources */,
				240509E62C2918010054E78A /* Assets.xcassets */,
				240509E82C2918010054E78A /* Preview Content */,
			);
			path = Landmarks;
			sourceTree = "<group>";
		};
		240509E82C2918010054E78A /* Preview Content */ = {
			isa = PBXGroup;
			children = (
				240509E92C2918010054E78A /* Preview Assets.xcassets */,
			);
			path = "Preview Content";
			sourceTree = "<group>";
		};
		24050A012C294B530054E78A /* View */ = {
			isa = PBXGroup;
			children = (
				24770F122C32629800459309 /* Badges */,
				2430A7382C31205200308EDF /* Landmarks */,
				2430A7372C31204C00308EDF /* Helpers */,
				240509E42C2918000054E78A /* ContentView.swift */,
			);
			path = View;
			sourceTree = "<group>";
		};
		24050A092C294BF10054E78A /* Resources */ = {
			isa = PBXGroup;
			children = (
				240509F62C2947E10054E78A /* landmarkData.json */,
			);
			path = Resources;
			sourceTree = "<group>";
		};
		24050A0A2C294BFA0054E78A /* Model */ = {
			isa = PBXGroup;
			children = (
				240509F82C2947F50054E78A /* Landmark.swift */,
				240509FA2C2949600054E78A /* ModelData.swift */,
			);
			path = Model;
			sourceTree = "<group>";
		};
		2430A7372C31204C00308EDF /* Helpers */ = {
			isa = PBXGroup;
			children = (
				2430A7472C3120D400308EDF /* CircleImage.swift */,
				2430A7492C3120EF00308EDF /* FavoriteButton.swift */,
				2430A74B2C31210700308EDF /* MapView.swift */,
			);
			path = Helpers;
			sourceTree = "<group>";
		};
		2430A7382C31205200308EDF /* Landmarks */ = {
			isa = PBXGroup;
			children = (
				24050A0B2C294C290054E78A /* LandmarkRow.swift */,
				24050A0D2C29504D0054E78A /* LandmarkList.swift */,
				24050A0F2C2A9B4B0054E78A /* LandmarkDetail.swift */,
			);
			path = Landmarks;
			sourceTree = "<group>";
		};
		24770F122C32629800459309 /* Badges */ = {
			isa = PBXGroup;
			children = (
				24770F152C3263CA00459309 /* HexagonParameters.swift */,
				24770F172C3263DE00459309 /* BadgeBackground.swift */,
				24770F192C3265E400459309 /* BadgeSymbol.swift */,
				24770F1B2C32676200459309 /* RotatedBadgeSymbol.swift */,
				24770F1D2C3267B300459309 /* Badge.swift */,
			);
			path = Badges;
			sourceTree = "<group>";
		};
/* End PBXGroup section */

/* Begin PBXNativeTarget section */
		240509DE2C2918000054E78A /* Landmarks */ = {
			isa = PBXNativeTarget;
			buildConfigurationList = 240509ED2C2918010054E78A /* Build configuration list for PBXNativeTarget "Landmarks" */;
			buildPhases = (
				240509DB2C2918000054E78A /* Sources */,
				240509DC2C2918000054E78A /* Frameworks */,
				240509DD2C2918000054E78A /* Resources */,
			);
			buildRules = (
			);
			dependencies = (
			);
			name = Landmarks;
			productName = Landmarks;
			productReference = 240509DF2C2918000054E78A /* Landmarks.app */;
			productType = "com.apple.product-type.application";
		};
/* End PBXNativeTarget section */

/* Begin PBXProject section */
		240509D72C2918000054E78A /* Project object */ = {
			isa = PBXProject;
			attributes = {
				BuildIndependentTargetsInParallel = 1;
				LastSwiftUpdateCheck = 1540;
				LastUpgradeCheck = 1540;
				TargetAttributes = {
					240509DE2C2918000054E78A = {
						CreatedOnToolsVersion = 15.4;
					};
				};
			};
			buildConfigurationList = 240509DA2C2918000054E78A /* Build configuration list for PBXProject "Landmarks" */;
			compatibilityVersion = "Xcode 14.0";
			developmentRegion = en;
			hasScannedForEncodings = 0;
			knownRegions = (
				en,
				Base,
			);
			mainGroup = 240509D62C2918000054E78A;
			productRefGroup = 240509E02C2918000054E78A /* Products */;
			projectDirPath = "";
			projectRoot = "";
			targets = (
				240509DE2C2918000054E78A /* Landmarks */,
			);
		};
/* End PBXProject section */

/* Begin PBXResourcesBuildPhase section */
		240509DD2C2918000054E78A /* Resources */ = {
			isa = PBXResourcesBuildPhase;
			buildActionMask = 2147483647;
			files = (
				240509EA2C2918010054E78A /* Preview Assets.xcassets in Resources */,
				240509E72C2918010054E78A /* Assets.xcassets in Resources */,
				240509F72C2947E10054E78A /* landmarkData.json in Resources */,
			);
			runOnlyForDeploymentPostprocessing = 0;
		};
/* End PBXResourcesBuildPhase section */

/* Begin PBXSourcesBuildPhase section */
		240509DB2C2918000054E78A /* Sources */ = {
			isa = PBXSourcesBuildPhase;
			buildActionMask = 2147483647;
			files = (
				240509E52C2918000054E78A /* ContentView.swift in Sources */,
				24770F1E2C3267B300459309 /* Badge.swift in Sources */,
				2430A7482C3120D400308EDF /* CircleImage.swift in Sources */,
				240509E32C2918000054E78A /* LandmarksApp.swift in Sources */,
				2430A74A2C3120EF00308EDF /* FavoriteButton.swift in Sources */,
				24770F162C3263CA00459309 /* HexagonParameters.swift in Sources */,
				24770F1C2C32676200459309 /* RotatedBadgeSymbol.swift in Sources */,
				24770F1A2C3265E400459309 /* BadgeSymbol.swift in Sources */,
				24050A0E2C29504D0054E78A /* LandmarkList.swift in Sources */,
				24050A102C2A9B4B0054E78A /* LandmarkDetail.swift in Sources */,
				24770F182C3263DE00459309 /* BadgeBackground.swift in Sources */,
				240509F92C2947F50054E78A /* Landmark.swift in Sources */,
				2430A74C2C31210700308EDF /* MapView.swift in Sources */,
				24050A0C2C294C290054E78A /* LandmarkRow.swift in Sources */,
				240509FB2C2949600054E78A /* ModelData.swift in Sources */,
			);
			runOnlyForDeploymentPostprocessing = 0;
		};
/* End PBXSourcesBuildPhase section */

/* Begin XCBuildConfiguration section */
		240509EB2C2918010054E78A /* Debug */ = {
			isa = XCBuildConfiguration;
			buildSettings = {
				ALWAYS_SEARCH_USER_PATHS = NO;
				ASSETCATALOG_COMPILER_GENERATE_SWIFT_ASSET_SYMBOL_EXTENSIONS = YES;
				CLANG_ANALYZER_NONNULL = YES;
				CLANG_ANALYZER_NUMBER_OBJECT_CONVERSION = YES_AGGRESSIVE;
				CLANG_CXX_LANGUAGE_STANDARD = "gnu++20";
				CLANG_ENABLE_MODULES = YES;
				CLANG_ENABLE_OBJC_ARC = YES;
				CLANG_ENABLE_OBJC_WEAK = YES;
				CLANG_WARN_BLOCK_CAPTURE_AUTORELEASING = YES;
				CLANG_WARN_BOOL_CONVERSION = YES;
				CLANG_WARN_COMMA = YES;
				CLANG_WARN_CONSTANT_CONVERSION = YES;
				CLANG_WARN_DEPRECATED_OBJC_IMPLEMENTATIONS = YES;
				CLANG_WARN_DIRECT_OBJC_ISA_USAGE = YES_ERROR;
				CLANG_WARN_DOCUMENTATION_COMMENTS = YES;
				CLANG_WARN_EMPTY_BODY = YES;
				CLANG_WARN_ENUM_CONVERSION = YES;
				CLANG_WARN_INFINITE_RECURSION = YES;
				CLANG_WARN_INT_CONVERSION = YES;
				CLANG_WARN_NON_LITERAL_NULL_CONVERSION = YES;
				CLANG_WARN_OBJC_IMPLICIT_RETAIN_SELF = YES;
				CLANG_WARN_OBJC_LITERAL_CONVERSION = YES;
				CLANG_WARN_OBJC_ROOT_CLASS = YES_ERROR;
				CLANG_WARN_QUOTED_INCLUDE_IN_FRAMEWORK_HEADER = YES;
				CLANG_WARN_RANGE_LOOP_ANALYSIS = YES;
				CLANG_WARN_STRICT_PROTOTYPES = YES;
				CLANG_WARN_SUSPICIOUS_MOVE = YES;
				CLANG_WARN_UNGUARDED_AVAILABILITY = YES_AGGRESSIVE;
				CLANG_WARN_UNREACHABLE_CODE = YES;
				CLANG_WARN__DUPLICATE_METHOD_MATCH = YES;
				COPY_PHASE_STRIP = NO;
				DEBUG_INFORMATION_FORMAT = dwarf;
				ENABLE_STRICT_OBJC_MSGSEND = YES;
				ENABLE_TESTABILITY = YES;
				ENABLE_USER_SCRIPT_SANDBOXING = YES;
				GCC_C_LANGUAGE_STANDARD = gnu17;
				GCC_DYNAMIC_NO_PIC = NO;
				GCC_NO_COMMON_BLOCKS = YES;
				GCC_OPTIMIZATION_LEVEL = 0;
				GCC_PREPROCESSOR_DEFINITIONS = (
					"DEBUG=1",
					"$(inherited)",
				);
				GCC_WARN_64_TO_32_BIT_CONVERSION = YES;
				GCC_WARN_ABOUT_RETURN_TYPE = YES_ERROR;
				GCC_WARN_UNDECLARED_SELECTOR = YES;
				GCC_WARN_UNINITIALIZED_AUTOS = YES_AGGRESSIVE;
				GCC_WARN_UNUSED_FUNCTION = YES;
				GCC_WARN_UNUSED_VARIABLE = YES;
				IPHONEOS_DEPLOYMENT_TARGET = 17.5;
				LOCALIZATION_PREFERS_STRING_CATALOGS = YES;
				MTL_ENABLE_DEBUG_INFO = INCLUDE_SOURCE;
				MTL_FAST_MATH = YES;
				ONLY_ACTIVE_ARCH = YES;
				SDKROOT = iphoneos;
				SWIFT_ACTIVE_COMPILATION_CONDITIONS = "DEBUG $(inherited)";
				SWIFT_OPTIMIZATION_LEVEL = "-Onone";
			};
			name = Debug;
		};
		240509EC2C2918010054E78A /* Release */ = {
			isa = XCBuildConfiguration;
			buildSettings = {
				ALWAYS_SEARCH_USER_PATHS = NO;
				ASSETCATALOG_COMPILER_GENERATE_SWIFT_ASSET_SYMBOL_EXTENSIONS = YES;
				CLANG_ANALYZER_NONNULL = YES;
				CLANG_ANALYZER_NUMBER_OBJECT_CONVERSION = YES_AGGRESSIVE;
				CLANG_CXX_LANGUAGE_STANDARD = "gnu++20";
				CLANG_ENABLE_MODULES = YES;
				CLANG_ENABLE_OBJC_ARC = YES;
				CLANG_ENABLE_OBJC_WEAK = YES;
				CLANG_WARN_BLOCK_CAPTURE_AUTORELEASING = YES;
				CLANG_WARN_BOOL_CONVERSION = YES;
				CLANG_WARN_COMMA = YES;
				CLANG_WARN_CONSTANT_CONVERSION = YES;
				CLANG_WARN_DEPRECATED_OBJC_IMPLEMENTATIONS = YES;
				CLANG_WARN_DIRECT_OBJC_ISA_USAGE = YES_ERROR;
				CLANG_WARN_DOCUMENTATION_COMMENTS = YES;
				CLANG_WARN_EMPTY_BODY = YES;
				CLANG_WARN_ENUM_CONVERSION = YES;
				CLANG_WARN_INFINITE_RECURSION = YES;
				CLANG_WARN_INT_CONVERSION = YES;
				CLANG_WARN_NON_LITERAL_NULL_CONVERSION = YES;
				CLANG_WARN_OBJC_IMPLICIT_RETAIN_SELF = YES;
				CLANG_WARN_OBJC_LITERAL_CONVERSION = YES;
				CLANG_WARN_OBJC_ROOT_CLASS = YES_ERROR;
				CLANG_WARN_QUOTED_INCLUDE_IN_FRAMEWORK_HEADER = YES;
				CLANG_WARN_RANGE_LOOP_ANALYSIS = YES;
				CLANG_WARN_STRICT_PROTOTYPES = YES;
				CLANG_WARN_SUSPICIOUS_MOVE = YES;
				CLANG_WARN_UNGUARDED_AVAILABILITY = YES_AGGRESSIVE;
				CLANG_WARN_UNREACHABLE_CODE = YES;
				CLANG_WARN__DUPLICATE_METHOD_MATCH = YES;
				COPY_PHASE_STRIP = NO;
				DEBUG_INFORMATION_FORMAT = "dwarf-with-dsym";
				ENABLE_NS_ASSERTIONS = NO;
				ENABLE_STRICT_OBJC_MSGSEND = YES;
				ENABLE_USER_SCRIPT_SANDBOXING = YES;
				GCC_C_LANGUAGE_STANDARD = gnu17;
				GCC_NO_COMMON_BLOCKS = YES;
				GCC_WARN_64_TO_32_BIT_CONVERSION = YES;
				GCC_WARN_ABOUT_RETURN_TYPE = YES_ERROR;
				GCC_WARN_UNDECLARED_SELECTOR = YES;
				GCC_WARN_UNINITIALIZED_AUTOS = YES_AGGRESSIVE;
				GCC_WARN_UNUSED_FUNCTION = YES;
				GCC_WARN_UNUSED_VARIABLE = YES;
				IPHONEOS_DEPLOYMENT_TARGET = 17.5;
				LOCALIZATION_PREFERS_STRING_CATALOGS = YES;
				MTL_ENABLE_DEBUG_INFO = NO;
				MTL_FAST_MATH = YES;
				SDKROOT = iphoneos;
				SWIFT_COMPILATION_MODE = wholemodule;
				VALIDATE_PRODUCT = YES;
			};
			name = Release;
		};
		240509EE2C2918010054E78A /* Debug */ = {
			isa = XCBuildConfiguration;
			buildSettings = {
				ASSETCATALOG_COMPILER_APPICON_NAME = AppIcon;
				ASSETCATALOG_COMPILER_GLOBAL_ACCENT_COLOR_NAME = AccentColor;
				CODE_SIGN_STYLE = Automatic;
				CURRENT_PROJECT_VERSION = 1;
				DEVELOPMENT_ASSET_PATHS = "\"Landmarks/Preview Content\"";
				ENABLE_PREVIEWS = YES;
				GENERATE_INFOPLIST_FILE = YES;
				INFOPLIST_KEY_UIApplicationSceneManifest_Generation = YES;
				INFOPLIST_KEY_UIApplicationSupportsIndirectInputEvents = YES;
				INFOPLIST_KEY_UILaunchScreen_Generation = YES;
				INFOPLIST_KEY_UISupportedInterfaceOrientations_iPad = "UIInterfaceOrientationPortrait UIInterfaceOrientationPortraitUpsideDown UIInterfaceOrientationLandscapeLeft UIInterfaceOrientationLandscapeRight";
				INFOPLIST_KEY_UISupportedInterfaceOrientations_iPhone = "UIInterfaceOrientationPortrait UIInterfaceOrientationLandscapeLeft UIInterfaceOrientationLandscapeRight";
				LD_RUNPATH_SEARCH_PATHS = (
					"$(inherited)",
					"@executable_path/Frameworks",
				);
				MARKETING_VERSION = 1.0;
				PRODUCT_BUNDLE_IDENTIFIER = tinypixel.Landmarks;
				PRODUCT_NAME = "$(TARGET_NAME)";
				SWIFT_EMIT_LOC_STRINGS = YES;
				SWIFT_VERSION = 5.0;
				TARGETED_DEVICE_FAMILY = "1,2";
			};
			name = Debug;
		};
		240509EF2C2918010054E78A /* Release */ = {
			isa = XCBuildConfiguration;
			buildSettings = {
				ASSETCATALOG_COMPILER_APPICON_NAME = AppIcon;
				ASSETCATALOG_COMPILER_GLOBAL_ACCENT_COLOR_NAME = AccentColor;
				CODE_SIGN_STYLE = Automatic;
				CURRENT_PROJECT_VERSION = 1;
				DEVELOPMENT_ASSET_PATHS = "\"Landmarks/Preview Content\"";
				ENABLE_PREVIEWS = YES;
				GENERATE_INFOPLIST_FILE = YES;
				INFOPLIST_KEY_UIApplicationSceneManifest_Generation = YES;
				INFOPLIST_KEY_UIApplicationSupportsIndirectInputEvents = YES;
				INFOPLIST_KEY_UILaunchScreen_Generation = YES;
				INFOPLIST_KEY_UISupportedInterfaceOrientations_iPad = "UIInterfaceOrientationPortrait UIInterfaceOrientationPortraitUpsideDown UIInterfaceOrientationLandscapeLeft UIInterfaceOrientationLandscapeRight";
				INFOPLIST_KEY_UISupportedInterfaceOrientations_iPhone = "UIInterfaceOrientationPortrait UIInterfaceOrientationLandscapeLeft UIInterfaceOrientationLandscapeRight";
				LD_RUNPATH_SEARCH_PATHS = (
					"$(inherited)",
					"@executable_path/Frameworks",
				);
				MARKETING_VERSION = 1.0;
				PRODUCT_BUNDLE_IDENTIFIER = tinypixel.Landmarks;
				PRODUCT_NAME = "$(TARGET_NAME)";
				SWIFT_EMIT_LOC_STRINGS = YES;
				SWIFT_VERSION = 5.0;
				TARGETED_DEVICE_FAMILY = "1,2";
			};
			name = Release;
		};
/* End XCBuildConfiguration section */

/* Begin XCConfigurationList section */
		240509DA2C2918000054E78A /* Build configuration list for PBXProject "Landmarks" */ = {
			isa = XCConfigurationList;
			buildConfigurations = (
				240509EB2C2918010054E78A /* Debug */,
				240509EC2C2918010054E78A /* Release */,
			);
			defaultConfigurationIsVisible = 0;
			defaultConfigurationName = Release;
		};
		240509ED2C2918010054E78A /* Build configuration list for PBXNativeTarget "Landmarks" */ = {
			isa = XCConfigurationList;
			buildConfigurations = (
				240509EE2C2918010054E78A /* Debug */,
				240509EF2C2918010054E78A /* Release */,
			);
			defaultConfigurationIsVisible = 0;
			defaultConfigurationName = Release;
		};
/* End XCConfigurationList section */
	};
	rootObject = 240509D72C2918000054E78A /* Project object */;
}
